// !$*UTF8*$!
{
	archiveVersion = 1;
	classes = {
	};
	objectVersion = 46;
	objects = {

/* Begin PBXBuildFile section */
		41379C601AAFFB4500E93321 /* NotificationsViewController.m in Sources */ = {isa = PBXBuildFile; fileRef = 41379C5F1AAFFB4500E93321 /* NotificationsViewController.m */; };
		41379C631AB0480F00E93321 /* christmas_star-48.png in Resources */ = {isa = PBXBuildFile; fileRef = 41379C611AB0480F00E93321 /* christmas_star-48.png */; };
		41379C641AB0480F00E93321 /* rating-48.png in Resources */ = {isa = PBXBuildFile; fileRef = 41379C621AB0480F00E93321 /* rating-48.png */; };
		41379C661AB0495F00E93321 /* christmas_star-50.png in Resources */ = {isa = PBXBuildFile; fileRef = 41379C651AB0495F00E93321 /* christmas_star-50.png */; };
		41379C681AB04A7100E93321 /* outline_star-48.png in Resources */ = {isa = PBXBuildFile; fileRef = 41379C671AB04A7100E93321 /* outline_star-48.png */; };
		416C803B1AB0FD0E000D4C68 /* share.png in Resources */ = {isa = PBXBuildFile; fileRef = 416C803A1AB0FD0E000D4C68 /* share.png */; };
		416C803E1AB10910000D4C68 /* Reachability.m in Sources */ = {isa = PBXBuildFile; fileRef = 416C803D1AB10910000D4C68 /* Reachability.m */; };
		416C80411AB2EDFF000D4C68 /* TabBarController.m in Sources */ = {isa = PBXBuildFile; fileRef = 416C80401AB2EDFF000D4C68 /* TabBarController.m */; };
		416C80431AB3C962000D4C68 /* iAd.framework in Frameworks */ = {isa = PBXBuildFile; fileRef = 416C80421AB3C962000D4C68 /* iAd.framework */; };
		41BEEBD71AABE0B400FA593F /* SearchUsersViewController.m in Sources */ = {isa = PBXBuildFile; fileRef = 41BEEBD61AABE0B400FA593F /* SearchUsersViewController.m */; };
		41E0C8331AAFF88400B13336 /* chat-26.png in Resources */ = {isa = PBXBuildFile; fileRef = 41E0C82D1AAFF88400B13336 /* chat-26.png */; };
		41E0C8341AAFF88400B13336 /* collaboration-26.png in Resources */ = {isa = PBXBuildFile; fileRef = 41E0C82E1AAFF88400B13336 /* collaboration-26.png */; };
		41E0C8361AAFF88400B13336 /* my_topic-26.png in Resources */ = {isa = PBXBuildFile; fileRef = 41E0C8301AAFF88400B13336 /* my_topic-26.png */; };
		41E0C8371AAFF88400B13336 /* popular_topic_filled-25.png in Resources */ = {isa = PBXBuildFile; fileRef = 41E0C8311AAFF88400B13336 /* popular_topic_filled-25.png */; };
		41E0C8381AAFF88400B13336 /* popular_topic-26.png in Resources */ = {isa = PBXBuildFile; fileRef = 41E0C8321AAFF88400B13336 /* popular_topic-26.png */; };
		41EC04E31A907040000193DD /* main.m in Sources */ = {isa = PBXBuildFile; fileRef = 41EC04E21A907040000193DD /* main.m */; };
		41EC04E61A907040000193DD /* AppDelegate.m in Sources */ = {isa = PBXBuildFile; fileRef = 41EC04E51A907040000193DD /* AppDelegate.m */; };
		41EC04E91A907040000193DD /* SearchViewController.m in Sources */ = {isa = PBXBuildFile; fileRef = 41EC04E81A907040000193DD /* SearchViewController.m */; };
		41EC04EC1A907040000193DD /* Main.storyboard in Resources */ = {isa = PBXBuildFile; fileRef = 41EC04EA1A907040000193DD /* Main.storyboard */; };
		41EC04EE1A907040000193DD /* Images.xcassets in Resources */ = {isa = PBXBuildFile; fileRef = 41EC04ED1A907040000193DD /* Images.xcassets */; };
		41EC04FD1A907041000193DD /* movie_nightTests.m in Sources */ = {isa = PBXBuildFile; fileRef = 41EC04FC1A907041000193DD /* movie_nightTests.m */; };
		41EC05101A907587000193DD /* MobileCoreServices.framework in Frameworks */ = {isa = PBXBuildFile; fileRef = 41EC050F1A907587000193DD /* MobileCoreServices.framework */; };
		41EC05121A907593000193DD /* CoreGraphics.framework in Frameworks */ = {isa = PBXBuildFile; fileRef = 41EC05111A907593000193DD /* CoreGraphics.framework */; };
		41EC05141A907599000193DD /* UIKit.framework in Frameworks */ = {isa = PBXBuildFile; fileRef = 41EC05131A907599000193DD /* UIKit.framework */; };
		41EC05181A9075B3000193DD /* Foundation.framework in Frameworks */ = {isa = PBXBuildFile; fileRef = 41EC05171A9075B3000193DD /* Foundation.framework */; };
		41EC05201A90A9E3000193DD /* MovieClass.m in Sources */ = {isa = PBXBuildFile; fileRef = 41EC051F1A90A9E3000193DD /* MovieClass.m */; };
		41EC05231A90AD21000193DD /* MovieDetailViewController.m in Sources */ = {isa = PBXBuildFile; fileRef = 41EC05221A90AD21000193DD /* MovieDetailViewController.m */; };
		41EC05311A91C7EE000193DD /* collaboration-50.png in Resources */ = {isa = PBXBuildFile; fileRef = 41EC052E1A91C7ED000193DD /* collaboration-50.png */; };
		41EC05321A91C7EE000193DD /* search-50.png in Resources */ = {isa = PBXBuildFile; fileRef = 41EC052F1A91C7ED000193DD /* search-50.png */; };
		41EC05341A91D1C0000193DD /* collaboration-25.png in Resources */ = {isa = PBXBuildFile; fileRef = 41EC05331A91D1C0000193DD /* collaboration-25.png */; };
		41EC05381A91D796000193DD /* movieReel.png in Resources */ = {isa = PBXBuildFile; fileRef = 41EC05371A91D796000193DD /* movieReel.png */; };
		41EC053C1A92EEB6000193DD /* ProfileViewController.m in Sources */ = {isa = PBXBuildFile; fileRef = 41EC053B1A92EEB6000193DD /* ProfileViewController.m */; };
		41EC053F1A92EEC6000193DD /* FriendFeedViewController.m in Sources */ = {isa = PBXBuildFile; fileRef = 41EC053E1A92EEC6000193DD /* FriendFeedViewController.m */; };
		41EC05411A92F0DB000193DD /* MovieNightLogo.png in Resources */ = {isa = PBXBuildFile; fileRef = 41EC05401A92F0DB000193DD /* MovieNightLogo.png */; };
		41EC05431A945210000193DD /* play-48.png in Resources */ = {isa = PBXBuildFile; fileRef = 41EC05421A945210000193DD /* play-48.png */; };
		41EC05481A9452BC000193DD /* hearts-48.png in Resources */ = {isa = PBXBuildFile; fileRef = 41EC05441A9452BC000193DD /* hearts-48.png */; };
		41EC05491A9452BC000193DD /* like_outline-48.png in Resources */ = {isa = PBXBuildFile; fileRef = 41EC05451A9452BC000193DD /* like_outline-48.png */; };
		41EC054A1A9452BC000193DD /* star-48.png in Resources */ = {isa = PBXBuildFile; fileRef = 41EC05461A9452BC000193DD /* star-48.png */; };
		41EC054B1A9452BC000193DD /* star-50.png in Resources */ = {isa = PBXBuildFile; fileRef = 41EC05471A9452BC000193DD /* star-50.png */; };
		41EC05541A9463D2000193DD /* Quicksand_Dash.otf in Resources */ = {isa = PBXBuildFile; fileRef = 41EC054D1A946396000193DD /* Quicksand_Dash.otf */; };
		41EC05551A9463D6000193DD /* Quicksand-Bold.otf in Resources */ = {isa = PBXBuildFile; fileRef = 41EC054E1A946396000193DD /* Quicksand-Bold.otf */; };
		41EC05561A9463DA000193DD /* Quicksand-BoldItalic.otf in Resources */ = {isa = PBXBuildFile; fileRef = 41EC054F1A946396000193DD /* Quicksand-BoldItalic.otf */; };
		41EC05571A9463DD000193DD /* Quicksand-Italic.otf in Resources */ = {isa = PBXBuildFile; fileRef = 41EC05501A946396000193DD /* Quicksand-Italic.otf */; };
		41EC05581A9463E1000193DD /* Quicksand-Light.otf in Resources */ = {isa = PBXBuildFile; fileRef = 41EC05511A946396000193DD /* Quicksand-Light.otf */; };
		41EC05591A9463E4000193DD /* Quicksand-LightItalic.otf in Resources */ = {isa = PBXBuildFile; fileRef = 41EC05521A946396000193DD /* Quicksand-LightItalic.otf */; };
		41EC055A1A9463E8000193DD /* Quicksand-Regular.otf in Resources */ = {isa = PBXBuildFile; fileRef = 41EC05531A946396000193DD /* Quicksand-Regular.otf */; };
		41EC05791A9C28A8000193DD /* home-26.png in Resources */ = {isa = PBXBuildFile; fileRef = 41EC05781A9C28A8000193DD /* home-26.png */; };
		41EC057B1A9C2934000193DD /* clapperboard-26.png in Resources */ = {isa = PBXBuildFile; fileRef = 41EC057A1A9C2934000193DD /* clapperboard-26.png */; };
		41EC057D1A9C2984000193DD /* search-26.png in Resources */ = {isa = PBXBuildFile; fileRef = 41EC057C1A9C2984000193DD /* search-26.png */; };
		41EC05801A9C3F1A000193DD /* FriendReviewViewController.m in Sources */ = {isa = PBXBuildFile; fileRef = 41EC057F1A9C3F1A000193DD /* FriendReviewViewController.m */; };
		41EC058E1A9DBFDD000193DD /* iAd.png in Resources */ = {isa = PBXBuildFile; fileRef = 41EC058D1A9DBFDD000193DD /* iAd.png */; };
		41EC05911A9ECF28000193DD /* settings_filled-32.png in Resources */ = {isa = PBXBuildFile; fileRef = 41EC058F1A9ECF28000193DD /* settings_filled-32.png */; };
		41EC05921A9ECF28000193DD /* settings-32.png in Resources */ = {isa = PBXBuildFile; fileRef = 41EC05901A9ECF28000193DD /* settings-32.png */; };
		41EC05951A9ED9B2000193DD /* WriteReviewViewController.m in Sources */ = {isa = PBXBuildFile; fileRef = 41EC05941A9ED9B2000193DD /* WriteReviewViewController.m */; };
		41EC05981A9EE2C8000193DD /* SWRevealViewController.m in Sources */ = {isa = PBXBuildFile; fileRef = 41EC05971A9EE2C8000193DD /* SWRevealViewController.m */; };
		41EC059B1A9EEC62000193DD /* SettingsViewController.m in Sources */ = {isa = PBXBuildFile; fileRef = 41EC059A1A9EEC62000193DD /* SettingsViewController.m */; };
		41EC059D1A9EF6A0000193DD /* previous-32.png in Resources */ = {isa = PBXBuildFile; fileRef = 41EC059C1A9EF6A0000193DD /* previous-32.png */; };
		41EC05A01A9EF9DC000193DD /* LoginViewController.m in Sources */ = {isa = PBXBuildFile; fileRef = 41EC059F1A9EF9DC000193DD /* LoginViewController.m */; };
		41EC05A31A9EFA1B000193DD /* SignUpViewController.m in Sources */ = {isa = PBXBuildFile; fileRef = 41EC05A21A9EFA1B000193DD /* SignUpViewController.m */; };
		41EC05AB1A9F0D94000193DD /* HCYoutubeParser.m in Sources */ = {isa = PBXBuildFile; fileRef = 41EC05AA1A9F0D94000193DD /* HCYoutubeParser.m */; };
		41EC05AF1A9F20D1000193DD /* movie_night_logo.png in Resources */ = {isa = PBXBuildFile; fileRef = 41EC05AE1A9F20D1000193DD /* movie_night_logo.png */; };
		41EC05B31AA3D6DA000193DD /* Parse.framework in Frameworks */ = {isa = PBXBuildFile; fileRef = 41EC05B11AA3D6DA000193DD /* Parse.framework */; };
		41EC05B51AA3D6ED000193DD /* ParseFacebookUtils.framework in Frameworks */ = {isa = PBXBuildFile; fileRef = 41EC05B41AA3D6ED000193DD /* ParseFacebookUtils.framework */; };
		41EC05B91AA3D90C000193DD /* AudioToolbox.framework in Frameworks */ = {isa = PBXBuildFile; fileRef = 41EC05B81AA3D90C000193DD /* AudioToolbox.framework */; };
		41EC05BB1AA3D915000193DD /* CFNetwork.framework in Frameworks */ = {isa = PBXBuildFile; fileRef = 41EC05BA1AA3D915000193DD /* CFNetwork.framework */; };
		41EC05BD1AA3D922000193DD /* QuartzCore.framework in Frameworks */ = {isa = PBXBuildFile; fileRef = 41EC05BC1AA3D922000193DD /* QuartzCore.framework */; };
		41EC05BF1AA3D92A000193DD /* Security.framework in Frameworks */ = {isa = PBXBuildFile; fileRef = 41EC05BE1AA3D92A000193DD /* Security.framework */; };
		41EC05C31AA3D93D000193DD /* StoreKit.framework in Frameworks */ = {isa = PBXBuildFile; fileRef = 41EC05C21AA3D93D000193DD /* StoreKit.framework */; };
		41EC05C51AA3D94B000193DD /* SystemConfiguration.framework in Frameworks */ = {isa = PBXBuildFile; fileRef = 41EC05C41AA3D94B000193DD /* SystemConfiguration.framework */; };
		41EC05C71AA3D961000193DD /* libsqlite3.dylib in Frameworks */ = {isa = PBXBuildFile; fileRef = 41EC05C61AA3D961000193DD /* libsqlite3.dylib */; };
		41EC05C91AA3DA47000193DD /* CoreLocation.framework in Frameworks */ = {isa = PBXBuildFile; fileRef = 41EC05C81AA3DA47000193DD /* CoreLocation.framework */; };
		41EC05CB1AA3DAB0000193DD /* libz.dylib in Frameworks */ = {isa = PBXBuildFile; fileRef = 41EC05CA1AA3DAB0000193DD /* libz.dylib */; };
		41EC05D11AA3EEB7000193DD /* Social.framework in Frameworks */ = {isa = PBXBuildFile; fileRef = 41EC05D01AA3EEB7000193DD /* Social.framework */; };
		41EC05D51AA464AA000193DD /* Ninja.png in Resources */ = {isa = PBXBuildFile; fileRef = 41EC05D41AA464AA000193DD /* Ninja.png */; };
		41EFECEC1AAE999000067B98 /* audience-104.png in Resources */ = {isa = PBXBuildFile; fileRef = 41EFECEB1AAE999000067B98 /* audience-104.png */; };
		41EFECEE1AAEABC600067B98 /* blueButton.png in Resources */ = {isa = PBXBuildFile; fileRef = 41EFECED1AAEABC600067B98 /* blueButton.png */; };
		41EFECF01AAEACC800067B98 /* grayButton.png in Resources */ = {isa = PBXBuildFile; fileRef = 41EFECEF1AAEACC800067B98 /* grayButton.png */; };
		41F9BD401AA67DEA008FA16C /* AddContactsViewController.m in Sources */ = {isa = PBXBuildFile; fileRef = 41F9BD3F1AA67DEA008FA16C /* AddContactsViewController.m */; };
		41F9BD421AA67FC9008FA16C /* AddressBook.framework in Frameworks */ = {isa = PBXBuildFile; fileRef = 41F9BD411AA67FC9008FA16C /* AddressBook.framework */; };
		41F9BD441AA68070008FA16C /* AddressBookUI.framework in Frameworks */ = {isa = PBXBuildFile; fileRef = 41F9BD431AA68070008FA16C /* AddressBookUI.framework */; };
		41F9BD471AA825B0008FA16C /* AddFriendsFromSettingsViewController.m in Sources */ = {isa = PBXBuildFile; fileRef = 41F9BD461AA825B0008FA16C /* AddFriendsFromSettingsViewController.m */; };
		41F9BD4A1AA83985008FA16C /* WhereFriendsViewController.m in Sources */ = {isa = PBXBuildFile; fileRef = 41F9BD491AA83985008FA16C /* WhereFriendsViewController.m */; };
		41F9BD4C1AA98AA2008FA16C /* moviereelSpinner.png in Resources */ = {isa = PBXBuildFile; fileRef = 41F9BD4B1AA98AA2008FA16C /* moviereelSpinner.png */; };
		41F9BD4E1AAA9940008FA16C /* playButton.png in Resources */ = {isa = PBXBuildFile; fileRef = 41F9BD4D1AAA9940008FA16C /* playButton.png */; };
		41F9BD511AAAA4A8008FA16C /* FollowersTableViewController.m in Sources */ = {isa = PBXBuildFile; fileRef = 41F9BD501AAAA4A8008FA16C /* FollowersTableViewController.m */; };
		41F9BD541AAAE4CC008FA16C /* FriendProfileViewController.m in Sources */ = {isa = PBXBuildFile; fileRef = 41F9BD531AAAE4CC008FA16C /* FriendProfileViewController.m */; };
		84EC27BB1AA518F00082487A /* FacebookSDK.framework in Frameworks */ = {isa = PBXBuildFile; fileRef = 84EC27BA1AA518F00082487A /* FacebookSDK.framework */; };
		C726AC0397404FC0BF054C63 /* libPods-movie_night.a in Frameworks */ = {isa = PBXBuildFile; fileRef = 24581BE1738646F5BDF70277 /* libPods-movie_night.a */; };
/* End PBXBuildFile section */

/* Begin PBXContainerItemProxy section */
		41EC04F71A907041000193DD /* PBXContainerItemProxy */ = {
			isa = PBXContainerItemProxy;
			containerPortal = 41EC04D51A90703F000193DD /* Project object */;
			proxyType = 1;
			remoteGlobalIDString = 41EC04DC1A907040000193DD;
			remoteInfo = movie_night;
		};
/* End PBXContainerItemProxy section */

/* Begin PBXFileReference section */
		24581BE1738646F5BDF70277 /* libPods-movie_night.a */ = {isa = PBXFileReference; explicitFileType = archive.ar; includeInIndex = 0; path = "libPods-movie_night.a"; sourceTree = BUILT_PRODUCTS_DIR; };
		41379C5E1AAFFB4500E93321 /* NotificationsViewController.h */ = {isa = PBXFileReference; fileEncoding = 4; lastKnownFileType = sourcecode.c.h; path = NotificationsViewController.h; sourceTree = "<group>"; };
		41379C5F1AAFFB4500E93321 /* NotificationsViewController.m */ = {isa = PBXFileReference; fileEncoding = 4; lastKnownFileType = sourcecode.c.objc; path = NotificationsViewController.m; sourceTree = "<group>"; };
		41379C611AB0480F00E93321 /* christmas_star-48.png */ = {isa = PBXFileReference; lastKnownFileType = image.png; path = "christmas_star-48.png"; sourceTree = "<group>"; };
		41379C621AB0480F00E93321 /* rating-48.png */ = {isa = PBXFileReference; lastKnownFileType = image.png; path = "rating-48.png"; sourceTree = "<group>"; };
		41379C651AB0495F00E93321 /* christmas_star-50.png */ = {isa = PBXFileReference; lastKnownFileType = image.png; path = "christmas_star-50.png"; sourceTree = "<group>"; };
		41379C671AB04A7100E93321 /* outline_star-48.png */ = {isa = PBXFileReference; lastKnownFileType = image.png; path = "outline_star-48.png"; sourceTree = "<group>"; };
		416C803A1AB0FD0E000D4C68 /* share.png */ = {isa = PBXFileReference; lastKnownFileType = image.png; path = share.png; sourceTree = "<group>"; };
		416C803C1AB10910000D4C68 /* Reachability.h */ = {isa = PBXFileReference; fileEncoding = 4; lastKnownFileType = sourcecode.c.h; path = Reachability.h; sourceTree = "<group>"; };
		416C803D1AB10910000D4C68 /* Reachability.m */ = {isa = PBXFileReference; fileEncoding = 4; lastKnownFileType = sourcecode.c.objc; path = Reachability.m; sourceTree = "<group>"; };
		416C803F1AB2EDFF000D4C68 /* TabBarController.h */ = {isa = PBXFileReference; fileEncoding = 4; lastKnownFileType = sourcecode.c.h; path = TabBarController.h; sourceTree = "<group>"; };
		416C80401AB2EDFF000D4C68 /* TabBarController.m */ = {isa = PBXFileReference; fileEncoding = 4; lastKnownFileType = sourcecode.c.objc; path = TabBarController.m; sourceTree = "<group>"; };
		416C80421AB3C962000D4C68 /* iAd.framework */ = {isa = PBXFileReference; lastKnownFileType = wrapper.framework; name = iAd.framework; path = System/Library/Frameworks/iAd.framework; sourceTree = SDKROOT; };
		41BEEBD51AABE0B400FA593F /* SearchUsersViewController.h */ = {isa = PBXFileReference; fileEncoding = 4; lastKnownFileType = sourcecode.c.h; path = SearchUsersViewController.h; sourceTree = "<group>"; };
		41BEEBD61AABE0B400FA593F /* SearchUsersViewController.m */ = {isa = PBXFileReference; fileEncoding = 4; lastKnownFileType = sourcecode.c.objc; path = SearchUsersViewController.m; sourceTree = "<group>"; };
		41E0C82D1AAFF88400B13336 /* chat-26.png */ = {isa = PBXFileReference; lastKnownFileType = image.png; path = "chat-26.png"; sourceTree = "<group>"; };
		41E0C82E1AAFF88400B13336 /* collaboration-26.png */ = {isa = PBXFileReference; lastKnownFileType = image.png; path = "collaboration-26.png"; sourceTree = "<group>"; };
		41E0C8301AAFF88400B13336 /* my_topic-26.png */ = {isa = PBXFileReference; lastKnownFileType = image.png; path = "my_topic-26.png"; sourceTree = "<group>"; };
		41E0C8311AAFF88400B13336 /* popular_topic_filled-25.png */ = {isa = PBXFileReference; lastKnownFileType = image.png; path = "popular_topic_filled-25.png"; sourceTree = "<group>"; };
		41E0C8321AAFF88400B13336 /* popular_topic-26.png */ = {isa = PBXFileReference; lastKnownFileType = image.png; path = "popular_topic-26.png"; sourceTree = "<group>"; };
		41EC04DD1A907040000193DD /* movie_night.app */ = {isa = PBXFileReference; explicitFileType = wrapper.application; includeInIndex = 0; path = movie_night.app; sourceTree = BUILT_PRODUCTS_DIR; };
		41EC04E11A907040000193DD /* Info.plist */ = {isa = PBXFileReference; lastKnownFileType = text.plist.xml; path = Info.plist; sourceTree = "<group>"; };
		41EC04E21A907040000193DD /* main.m */ = {isa = PBXFileReference; lastKnownFileType = sourcecode.c.objc; path = main.m; sourceTree = "<group>"; };
		41EC04E41A907040000193DD /* AppDelegate.h */ = {isa = PBXFileReference; lastKnownFileType = sourcecode.c.h; path = AppDelegate.h; sourceTree = "<group>"; };
		41EC04E51A907040000193DD /* AppDelegate.m */ = {isa = PBXFileReference; lastKnownFileType = sourcecode.c.objc; path = AppDelegate.m; sourceTree = "<group>"; };
		41EC04E71A907040000193DD /* SearchViewController.h */ = {isa = PBXFileReference; lastKnownFileType = sourcecode.c.h; path = SearchViewController.h; sourceTree = "<group>"; };
		41EC04E81A907040000193DD /* SearchViewController.m */ = {isa = PBXFileReference; lastKnownFileType = sourcecode.c.objc; path = SearchViewController.m; sourceTree = "<group>"; };
		41EC04EB1A907040000193DD /* Base */ = {isa = PBXFileReference; lastKnownFileType = file.storyboard; name = Base; path = Base.lproj/Main.storyboard; sourceTree = "<group>"; };
		41EC04ED1A907040000193DD /* Images.xcassets */ = {isa = PBXFileReference; lastKnownFileType = folder.assetcatalog; path = Images.xcassets; sourceTree = "<group>"; };
		41EC04F61A907041000193DD /* movie_nightTests.xctest */ = {isa = PBXFileReference; explicitFileType = wrapper.cfbundle; includeInIndex = 0; path = movie_nightTests.xctest; sourceTree = BUILT_PRODUCTS_DIR; };
		41EC04FB1A907041000193DD /* Info.plist */ = {isa = PBXFileReference; lastKnownFileType = text.plist.xml; path = Info.plist; sourceTree = "<group>"; };
		41EC04FC1A907041000193DD /* movie_nightTests.m */ = {isa = PBXFileReference; lastKnownFileType = sourcecode.c.objc; path = movie_nightTests.m; sourceTree = "<group>"; };
		41EC050F1A907587000193DD /* MobileCoreServices.framework */ = {isa = PBXFileReference; lastKnownFileType = wrapper.framework; name = MobileCoreServices.framework; path = System/Library/Frameworks/MobileCoreServices.framework; sourceTree = SDKROOT; };
		41EC05111A907593000193DD /* CoreGraphics.framework */ = {isa = PBXFileReference; lastKnownFileType = wrapper.framework; name = CoreGraphics.framework; path = System/Library/Frameworks/CoreGraphics.framework; sourceTree = SDKROOT; };
		41EC05131A907599000193DD /* UIKit.framework */ = {isa = PBXFileReference; lastKnownFileType = wrapper.framework; name = UIKit.framework; path = System/Library/Frameworks/UIKit.framework; sourceTree = SDKROOT; };
		41EC05151A9075A9000193DD /* libz.1.1.3.dylib */ = {isa = PBXFileReference; lastKnownFileType = "compiled.mach-o.dylib"; name = libz.1.1.3.dylib; path = usr/lib/libz.1.1.3.dylib; sourceTree = SDKROOT; };
		41EC05171A9075B3000193DD /* Foundation.framework */ = {isa = PBXFileReference; lastKnownFileType = wrapper.framework; name = Foundation.framework; path = System/Library/Frameworks/Foundation.framework; sourceTree = SDKROOT; };
		41EC051E1A90A9E3000193DD /* MovieClass.h */ = {isa = PBXFileReference; fileEncoding = 4; lastKnownFileType = sourcecode.c.h; path = MovieClass.h; sourceTree = "<group>"; };
		41EC051F1A90A9E3000193DD /* MovieClass.m */ = {isa = PBXFileReference; fileEncoding = 4; lastKnownFileType = sourcecode.c.objc; path = MovieClass.m; sourceTree = "<group>"; };
		41EC05211A90AD21000193DD /* MovieDetailViewController.h */ = {isa = PBXFileReference; fileEncoding = 4; lastKnownFileType = sourcecode.c.h; path = MovieDetailViewController.h; sourceTree = "<group>"; };
		41EC05221A90AD21000193DD /* MovieDetailViewController.m */ = {isa = PBXFileReference; fileEncoding = 4; lastKnownFileType = sourcecode.c.objc; path = MovieDetailViewController.m; sourceTree = "<group>"; };
		41EC052E1A91C7ED000193DD /* collaboration-50.png */ = {isa = PBXFileReference; lastKnownFileType = image.png; path = "collaboration-50.png"; sourceTree = "<group>"; };
		41EC052F1A91C7ED000193DD /* search-50.png */ = {isa = PBXFileReference; lastKnownFileType = image.png; path = "search-50.png"; sourceTree = "<group>"; };
		41EC05331A91D1C0000193DD /* collaboration-25.png */ = {isa = PBXFileReference; lastKnownFileType = image.png; path = "collaboration-25.png"; sourceTree = "<group>"; };
		41EC05371A91D796000193DD /* movieReel.png */ = {isa = PBXFileReference; lastKnownFileType = image.png; path = movieReel.png; sourceTree = "<group>"; };
		41EC053A1A92EEB6000193DD /* ProfileViewController.h */ = {isa = PBXFileReference; fileEncoding = 4; lastKnownFileType = sourcecode.c.h; path = ProfileViewController.h; sourceTree = "<group>"; };
		41EC053B1A92EEB6000193DD /* ProfileViewController.m */ = {isa = PBXFileReference; fileEncoding = 4; lastKnownFileType = sourcecode.c.objc; path = ProfileViewController.m; sourceTree = "<group>"; };
		41EC053D1A92EEC6000193DD /* FriendFeedViewController.h */ = {isa = PBXFileReference; fileEncoding = 4; lastKnownFileType = sourcecode.c.h; path = FriendFeedViewController.h; sourceTree = "<group>"; };
		41EC053E1A92EEC6000193DD /* FriendFeedViewController.m */ = {isa = PBXFileReference; fileEncoding = 4; lastKnownFileType = sourcecode.c.objc; path = FriendFeedViewController.m; sourceTree = "<group>"; };
		41EC05401A92F0DB000193DD /* MovieNightLogo.png */ = {isa = PBXFileReference; lastKnownFileType = image.png; path = MovieNightLogo.png; sourceTree = "<group>"; };
		41EC05421A945210000193DD /* play-48.png */ = {isa = PBXFileReference; lastKnownFileType = image.png; path = "play-48.png"; sourceTree = "<group>"; };
		41EC05441A9452BC000193DD /* hearts-48.png */ = {isa = PBXFileReference; lastKnownFileType = image.png; path = "hearts-48.png"; sourceTree = "<group>"; };
		41EC05451A9452BC000193DD /* like_outline-48.png */ = {isa = PBXFileReference; lastKnownFileType = image.png; path = "like_outline-48.png"; sourceTree = "<group>"; };
		41EC05461A9452BC000193DD /* star-48.png */ = {isa = PBXFileReference; lastKnownFileType = image.png; path = "star-48.png"; sourceTree = "<group>"; };
		41EC05471A9452BC000193DD /* star-50.png */ = {isa = PBXFileReference; lastKnownFileType = image.png; path = "star-50.png"; sourceTree = "<group>"; };
		41EC054D1A946396000193DD /* Quicksand_Dash.otf */ = {isa = PBXFileReference; lastKnownFileType = file; path = Quicksand_Dash.otf; sourceTree = "<group>"; };
		41EC054E1A946396000193DD /* Quicksand-Bold.otf */ = {isa = PBXFileReference; lastKnownFileType = file; path = "Quicksand-Bold.otf"; sourceTree = "<group>"; };
		41EC054F1A946396000193DD /* Quicksand-BoldItalic.otf */ = {isa = PBXFileReference; lastKnownFileType = file; path = "Quicksand-BoldItalic.otf"; sourceTree = "<group>"; };
		41EC05501A946396000193DD /* Quicksand-Italic.otf */ = {isa = PBXFileReference; lastKnownFileType = file; path = "Quicksand-Italic.otf"; sourceTree = "<group>"; };
		41EC05511A946396000193DD /* Quicksand-Light.otf */ = {isa = PBXFileReference; lastKnownFileType = file; path = "Quicksand-Light.otf"; sourceTree = "<group>"; };
		41EC05521A946396000193DD /* Quicksand-LightItalic.otf */ = {isa = PBXFileReference; lastKnownFileType = file; path = "Quicksand-LightItalic.otf"; sourceTree = "<group>"; };
		41EC05531A946396000193DD /* Quicksand-Regular.otf */ = {isa = PBXFileReference; lastKnownFileType = file; path = "Quicksand-Regular.otf"; sourceTree = "<group>"; };
		41EC05781A9C28A8000193DD /* home-26.png */ = {isa = PBXFileReference; lastKnownFileType = image.png; path = "home-26.png"; sourceTree = "<group>"; };
		41EC057A1A9C2934000193DD /* clapperboard-26.png */ = {isa = PBXFileReference; lastKnownFileType = image.png; path = "clapperboard-26.png"; sourceTree = "<group>"; };
		41EC057C1A9C2984000193DD /* search-26.png */ = {isa = PBXFileReference; lastKnownFileType = image.png; path = "search-26.png"; sourceTree = "<group>"; };
		41EC057E1A9C3F1A000193DD /* FriendReviewViewController.h */ = {isa = PBXFileReference; fileEncoding = 4; lastKnownFileType = sourcecode.c.h; path = FriendReviewViewController.h; sourceTree = "<group>"; };
		41EC057F1A9C3F1A000193DD /* FriendReviewViewController.m */ = {isa = PBXFileReference; fileEncoding = 4; lastKnownFileType = sourcecode.c.objc; path = FriendReviewViewController.m; sourceTree = "<group>"; };
		41EC058D1A9DBFDD000193DD /* iAd.png */ = {isa = PBXFileReference; lastKnownFileType = image.png; path = iAd.png; sourceTree = "<group>"; };
		41EC058F1A9ECF28000193DD /* settings_filled-32.png */ = {isa = PBXFileReference; lastKnownFileType = image.png; path = "settings_filled-32.png"; sourceTree = "<group>"; };
		41EC05901A9ECF28000193DD /* settings-32.png */ = {isa = PBXFileReference; lastKnownFileType = image.png; path = "settings-32.png"; sourceTree = "<group>"; };
		41EC05931A9ED9B2000193DD /* WriteReviewViewController.h */ = {isa = PBXFileReference; fileEncoding = 4; lastKnownFileType = sourcecode.c.h; path = WriteReviewViewController.h; sourceTree = "<group>"; };
		41EC05941A9ED9B2000193DD /* WriteReviewViewController.m */ = {isa = PBXFileReference; fileEncoding = 4; lastKnownFileType = sourcecode.c.objc; path = WriteReviewViewController.m; sourceTree = "<group>"; };
		41EC05961A9EE2C8000193DD /* SWRevealViewController.h */ = {isa = PBXFileReference; fileEncoding = 4; lastKnownFileType = sourcecode.c.h; path = SWRevealViewController.h; sourceTree = "<group>"; };
		41EC05971A9EE2C8000193DD /* SWRevealViewController.m */ = {isa = PBXFileReference; fileEncoding = 4; lastKnownFileType = sourcecode.c.objc; path = SWRevealViewController.m; sourceTree = "<group>"; };
		41EC05991A9EEC62000193DD /* SettingsViewController.h */ = {isa = PBXFileReference; fileEncoding = 4; lastKnownFileType = sourcecode.c.h; path = SettingsViewController.h; sourceTree = "<group>"; };
		41EC059A1A9EEC62000193DD /* SettingsViewController.m */ = {isa = PBXFileReference; fileEncoding = 4; lastKnownFileType = sourcecode.c.objc; path = SettingsViewController.m; sourceTree = "<group>"; };
		41EC059C1A9EF6A0000193DD /* previous-32.png */ = {isa = PBXFileReference; lastKnownFileType = image.png; path = "previous-32.png"; sourceTree = "<group>"; };
		41EC059E1A9EF9DC000193DD /* LoginViewController.h */ = {isa = PBXFileReference; fileEncoding = 4; lastKnownFileType = sourcecode.c.h; path = LoginViewController.h; sourceTree = "<group>"; };
		41EC059F1A9EF9DC000193DD /* LoginViewController.m */ = {isa = PBXFileReference; fileEncoding = 4; lastKnownFileType = sourcecode.c.objc; path = LoginViewController.m; sourceTree = "<group>"; };
		41EC05A11A9EFA1B000193DD /* SignUpViewController.h */ = {isa = PBXFileReference; fileEncoding = 4; lastKnownFileType = sourcecode.c.h; path = SignUpViewController.h; sourceTree = "<group>"; };
		41EC05A21A9EFA1B000193DD /* SignUpViewController.m */ = {isa = PBXFileReference; fileEncoding = 4; lastKnownFileType = sourcecode.c.objc; path = SignUpViewController.m; sourceTree = "<group>"; };
		41EC05A91A9F0D94000193DD /* HCYoutubeParser.h */ = {isa = PBXFileReference; fileEncoding = 4; lastKnownFileType = sourcecode.c.h; path = HCYoutubeParser.h; sourceTree = "<group>"; };
		41EC05AA1A9F0D94000193DD /* HCYoutubeParser.m */ = {isa = PBXFileReference; fileEncoding = 4; lastKnownFileType = sourcecode.c.objc; path = HCYoutubeParser.m; sourceTree = "<group>"; };
		41EC05AC1A9F0DCE000193DD /* MediaPlayer.framework */ = {isa = PBXFileReference; lastKnownFileType = wrapper.framework; name = MediaPlayer.framework; path = System/Library/Frameworks/MediaPlayer.framework; sourceTree = SDKROOT; };
		41EC05AE1A9F20D1000193DD /* movie_night_logo.png */ = {isa = PBXFileReference; lastKnownFileType = image.png; path = movie_night_logo.png; sourceTree = "<group>"; };
		41EC05B01AA3D6DA000193DD /* Bolts.framework */ = {isa = PBXFileReference; lastKnownFileType = wrapper.framework; path = Bolts.framework; sourceTree = "<group>"; };
		41EC05B11AA3D6DA000193DD /* Parse.framework */ = {isa = PBXFileReference; lastKnownFileType = wrapper.framework; path = Parse.framework; sourceTree = "<group>"; };
		41EC05B41AA3D6ED000193DD /* ParseFacebookUtils.framework */ = {isa = PBXFileReference; lastKnownFileType = wrapper.framework; path = ParseFacebookUtils.framework; sourceTree = "<group>"; };
		41EC05B61AA3D903000193DD /* Accounts.framework */ = {isa = PBXFileReference; lastKnownFileType = wrapper.framework; name = Accounts.framework; path = System/Library/Frameworks/Accounts.framework; sourceTree = SDKROOT; };
		41EC05B81AA3D90C000193DD /* AudioToolbox.framework */ = {isa = PBXFileReference; lastKnownFileType = wrapper.framework; name = AudioToolbox.framework; path = System/Library/Frameworks/AudioToolbox.framework; sourceTree = SDKROOT; };
		41EC05BA1AA3D915000193DD /* CFNetwork.framework */ = {isa = PBXFileReference; lastKnownFileType = wrapper.framework; name = CFNetwork.framework; path = System/Library/Frameworks/CFNetwork.framework; sourceTree = SDKROOT; };
		41EC05BC1AA3D922000193DD /* QuartzCore.framework */ = {isa = PBXFileReference; lastKnownFileType = wrapper.framework; name = QuartzCore.framework; path = System/Library/Frameworks/QuartzCore.framework; sourceTree = SDKROOT; };
		41EC05BE1AA3D92A000193DD /* Security.framework */ = {isa = PBXFileReference; lastKnownFileType = wrapper.framework; name = Security.framework; path = System/Library/Frameworks/Security.framework; sourceTree = SDKROOT; };
		41EC05C21AA3D93D000193DD /* StoreKit.framework */ = {isa = PBXFileReference; lastKnownFileType = wrapper.framework; name = StoreKit.framework; path = System/Library/Frameworks/StoreKit.framework; sourceTree = SDKROOT; };
		41EC05C41AA3D94B000193DD /* SystemConfiguration.framework */ = {isa = PBXFileReference; lastKnownFileType = wrapper.framework; name = SystemConfiguration.framework; path = System/Library/Frameworks/SystemConfiguration.framework; sourceTree = SDKROOT; };
		41EC05C61AA3D961000193DD /* libsqlite3.dylib */ = {isa = PBXFileReference; lastKnownFileType = "compiled.mach-o.dylib"; name = libsqlite3.dylib; path = usr/lib/libsqlite3.dylib; sourceTree = SDKROOT; };
		41EC05C81AA3DA47000193DD /* CoreLocation.framework */ = {isa = PBXFileReference; lastKnownFileType = wrapper.framework; name = CoreLocation.framework; path = System/Library/Frameworks/CoreLocation.framework; sourceTree = SDKROOT; };
		41EC05CA1AA3DAB0000193DD /* libz.dylib */ = {isa = PBXFileReference; lastKnownFileType = "compiled.mach-o.dylib"; name = libz.dylib; path = usr/lib/libz.dylib; sourceTree = SDKROOT; };
		41EC05D01AA3EEB7000193DD /* Social.framework */ = {isa = PBXFileReference; lastKnownFileType = wrapper.framework; name = Social.framework; path = System/Library/Frameworks/Social.framework; sourceTree = SDKROOT; };
		41EC05D41AA464AA000193DD /* Ninja.png */ = {isa = PBXFileReference; lastKnownFileType = image.png; path = Ninja.png; sourceTree = "<group>"; };
		41EFECEB1AAE999000067B98 /* audience-104.png */ = {isa = PBXFileReference; lastKnownFileType = image.png; path = "audience-104.png"; sourceTree = "<group>"; };
		41EFECED1AAEABC600067B98 /* blueButton.png */ = {isa = PBXFileReference; lastKnownFileType = image.png; path = blueButton.png; sourceTree = "<group>"; };
		41EFECEF1AAEACC800067B98 /* grayButton.png */ = {isa = PBXFileReference; lastKnownFileType = image.png; path = grayButton.png; sourceTree = "<group>"; };
		41F9BD3E1AA67DEA008FA16C /* AddContactsViewController.h */ = {isa = PBXFileReference; fileEncoding = 4; lastKnownFileType = sourcecode.c.h; path = AddContactsViewController.h; sourceTree = "<group>"; };
		41F9BD3F1AA67DEA008FA16C /* AddContactsViewController.m */ = {isa = PBXFileReference; fileEncoding = 4; lastKnownFileType = sourcecode.c.objc; path = AddContactsViewController.m; sourceTree = "<group>"; };
		41F9BD411AA67FC9008FA16C /* AddressBook.framework */ = {isa = PBXFileReference; lastKnownFileType = wrapper.framework; name = AddressBook.framework; path = System/Library/Frameworks/AddressBook.framework; sourceTree = SDKROOT; };
		41F9BD431AA68070008FA16C /* AddressBookUI.framework */ = {isa = PBXFileReference; lastKnownFileType = wrapper.framework; name = AddressBookUI.framework; path = System/Library/Frameworks/AddressBookUI.framework; sourceTree = SDKROOT; };
		41F9BD451AA825B0008FA16C /* AddFriendsFromSettingsViewController.h */ = {isa = PBXFileReference; fileEncoding = 4; lastKnownFileType = sourcecode.c.h; path = AddFriendsFromSettingsViewController.h; sourceTree = "<group>"; };
		41F9BD461AA825B0008FA16C /* AddFriendsFromSettingsViewController.m */ = {isa = PBXFileReference; fileEncoding = 4; lastKnownFileType = sourcecode.c.objc; path = AddFriendsFromSettingsViewController.m; sourceTree = "<group>"; };
		41F9BD481AA83985008FA16C /* WhereFriendsViewController.h */ = {isa = PBXFileReference; fileEncoding = 4; lastKnownFileType = sourcecode.c.h; path = WhereFriendsViewController.h; sourceTree = "<group>"; };
		41F9BD491AA83985008FA16C /* WhereFriendsViewController.m */ = {isa = PBXFileReference; fileEncoding = 4; lastKnownFileType = sourcecode.c.objc; path = WhereFriendsViewController.m; sourceTree = "<group>"; };
		41F9BD4B1AA98AA2008FA16C /* moviereelSpinner.png */ = {isa = PBXFileReference; lastKnownFileType = image.png; path = moviereelSpinner.png; sourceTree = "<group>"; };
		41F9BD4D1AAA9940008FA16C /* playButton.png */ = {isa = PBXFileReference; lastKnownFileType = image.png; path = playButton.png; sourceTree = "<group>"; };
		41F9BD4F1AAAA4A8008FA16C /* FollowersTableViewController.h */ = {isa = PBXFileReference; fileEncoding = 4; lastKnownFileType = sourcecode.c.h; path = FollowersTableViewController.h; sourceTree = "<group>"; };
		41F9BD501AAAA4A8008FA16C /* FollowersTableViewController.m */ = {isa = PBXFileReference; fileEncoding = 4; lastKnownFileType = sourcecode.c.objc; path = FollowersTableViewController.m; sourceTree = "<group>"; };
		41F9BD521AAAE4CC008FA16C /* FriendProfileViewController.h */ = {isa = PBXFileReference; fileEncoding = 4; lastKnownFileType = sourcecode.c.h; path = FriendProfileViewController.h; sourceTree = "<group>"; };
		41F9BD531AAAE4CC008FA16C /* FriendProfileViewController.m */ = {isa = PBXFileReference; fileEncoding = 4; lastKnownFileType = sourcecode.c.objc; path = FriendProfileViewController.m; sourceTree = "<group>"; };
		84EC27BA1AA518F00082487A /* FacebookSDK.framework */ = {isa = PBXFileReference; lastKnownFileType = wrapper.framework; path = FacebookSDK.framework; sourceTree = "<group>"; };
		86740D99C39E40C7B42C87FA /* Pods-movie_night.xcconfig */ = {isa = PBXFileReference; includeInIndex = 1; lastKnownFileType = text.xcconfig; name = "Pods-movie_night.xcconfig"; path = "Pods/Pods-movie_night.xcconfig"; sourceTree = "<group>"; };
/* End PBXFileReference section */

/* Begin PBXFrameworksBuildPhase section */
		41EC04DA1A907040000193DD /* Frameworks */ = {
			isa = PBXFrameworksBuildPhase;
			buildActionMask = 2147483647;
			files = (
				416C80431AB3C962000D4C68 /* iAd.framework in Frameworks */,
				41F9BD441AA68070008FA16C /* AddressBookUI.framework in Frameworks */,
				41F9BD421AA67FC9008FA16C /* AddressBook.framework in Frameworks */,
				41EC05D11AA3EEB7000193DD /* Social.framework in Frameworks */,
				41EC05CB1AA3DAB0000193DD /* libz.dylib in Frameworks */,
				41EC05C91AA3DA47000193DD /* CoreLocation.framework in Frameworks */,
				41EC05C71AA3D961000193DD /* libsqlite3.dylib in Frameworks */,
				41EC05C51AA3D94B000193DD /* SystemConfiguration.framework in Frameworks */,
				84EC27BB1AA518F00082487A /* FacebookSDK.framework in Frameworks */,
				41EC05C31AA3D93D000193DD /* StoreKit.framework in Frameworks */,
				41EC05BF1AA3D92A000193DD /* Security.framework in Frameworks */,
				41EC05BD1AA3D922000193DD /* QuartzCore.framework in Frameworks */,
				41EC05BB1AA3D915000193DD /* CFNetwork.framework in Frameworks */,
				41EC05B91AA3D90C000193DD /* AudioToolbox.framework in Frameworks */,
				41EC05B31AA3D6DA000193DD /* Parse.framework in Frameworks */,
				41EC05181A9075B3000193DD /* Foundation.framework in Frameworks */,
				41EC05141A907599000193DD /* UIKit.framework in Frameworks */,
				41EC05121A907593000193DD /* CoreGraphics.framework in Frameworks */,
				41EC05101A907587000193DD /* MobileCoreServices.framework in Frameworks */,
				C726AC0397404FC0BF054C63 /* libPods-movie_night.a in Frameworks */,
				41EC05B51AA3D6ED000193DD /* ParseFacebookUtils.framework in Frameworks */,
			);
			runOnlyForDeploymentPostprocessing = 0;
		};
		41EC04F31A907041000193DD /* Frameworks */ = {
			isa = PBXFrameworksBuildPhase;
			buildActionMask = 2147483647;
			files = (
			);
			runOnlyForDeploymentPostprocessing = 0;
		};
/* End PBXFrameworksBuildPhase section */

/* Begin PBXGroup section */
		41EC04D41A90703F000193DD = {
			isa = PBXGroup;
			children = (
				41EC04DF1A907040000193DD /* movie_night */,
				41EC04F91A907041000193DD /* movie_nightTests */,
				41EC04DE1A907040000193DD /* Products */,
				86740D99C39E40C7B42C87FA /* Pods-movie_night.xcconfig */,
				E3EA5A6558F5455F8FB6F76B /* Frameworks */,
			);
			sourceTree = "<group>";
		};
		41EC04DE1A907040000193DD /* Products */ = {
			isa = PBXGroup;
			children = (
				41EC04DD1A907040000193DD /* movie_night.app */,
				41EC04F61A907041000193DD /* movie_nightTests.xctest */,
			);
			name = Products;
			sourceTree = "<group>";
		};
		41EC04DF1A907040000193DD /* movie_night */ = {
			isa = PBXGroup;
			children = (
				41EC04EA1A907040000193DD /* Main.storyboard */,
				41EC04E41A907040000193DD /* AppDelegate.h */,
				41EC04E51A907040000193DD /* AppDelegate.m */,
				41EC04E71A907040000193DD /* SearchViewController.h */,
				41EC04E81A907040000193DD /* SearchViewController.m */,
				41EC05211A90AD21000193DD /* MovieDetailViewController.h */,
				41EC05221A90AD21000193DD /* MovieDetailViewController.m */,
				41EC053A1A92EEB6000193DD /* ProfileViewController.h */,
				41EC053B1A92EEB6000193DD /* ProfileViewController.m */,
				41EC053D1A92EEC6000193DD /* FriendFeedViewController.h */,
				41EC053E1A92EEC6000193DD /* FriendFeedViewController.m */,
				41EC057E1A9C3F1A000193DD /* FriendReviewViewController.h */,
				41EC057F1A9C3F1A000193DD /* FriendReviewViewController.m */,
				41EC05931A9ED9B2000193DD /* WriteReviewViewController.h */,
				41EC05941A9ED9B2000193DD /* WriteReviewViewController.m */,
				41EC05991A9EEC62000193DD /* SettingsViewController.h */,
				41EC059A1A9EEC62000193DD /* SettingsViewController.m */,
				41EC059E1A9EF9DC000193DD /* LoginViewController.h */,
				41EC059F1A9EF9DC000193DD /* LoginViewController.m */,
				41EC05A11A9EFA1B000193DD /* SignUpViewController.h */,
				41EC05A21A9EFA1B000193DD /* SignUpViewController.m */,
				41F9BD3E1AA67DEA008FA16C /* AddContactsViewController.h */,
				41F9BD3F1AA67DEA008FA16C /* AddContactsViewController.m */,
				41F9BD481AA83985008FA16C /* WhereFriendsViewController.h */,
				41F9BD491AA83985008FA16C /* WhereFriendsViewController.m */,
				41F9BD451AA825B0008FA16C /* AddFriendsFromSettingsViewController.h */,
				41F9BD461AA825B0008FA16C /* AddFriendsFromSettingsViewController.m */,
				41F9BD4F1AAAA4A8008FA16C /* FollowersTableViewController.h */,
				41F9BD501AAAA4A8008FA16C /* FollowersTableViewController.m */,
				41F9BD521AAAE4CC008FA16C /* FriendProfileViewController.h */,
				41F9BD531AAAE4CC008FA16C /* FriendProfileViewController.m */,
				41BEEBD51AABE0B400FA593F /* SearchUsersViewController.h */,
				41BEEBD61AABE0B400FA593F /* SearchUsersViewController.m */,
				41379C5E1AAFFB4500E93321 /* NotificationsViewController.h */,
				41379C5F1AAFFB4500E93321 /* NotificationsViewController.m */,
				416C803F1AB2EDFF000D4C68 /* TabBarController.h */,
				416C80401AB2EDFF000D4C68 /* TabBarController.m */,
				41EC051E1A90A9E3000193DD /* MovieClass.h */,
				41EC051F1A90A9E3000193DD /* MovieClass.m */,
				41EC054C1A946374000193DD /* Resources */,
				41EC04ED1A907040000193DD /* Images.xcassets */,
				41EC04E01A907040000193DD /* Supporting Files */,
			);
			path = movie_night;
			sourceTree = "<group>";
		};
		41EC04E01A907040000193DD /* Supporting Files */ = {
			isa = PBXGroup;
			children = (
				416C803C1AB10910000D4C68 /* Reachability.h */,
				416C803D1AB10910000D4C68 /* Reachability.m */,
				41EC05961A9EE2C8000193DD /* SWRevealViewController.h */,
				41EC05971A9EE2C8000193DD /* SWRevealViewController.m */,
				41EC05A91A9F0D94000193DD /* HCYoutubeParser.h */,
				41EC05AA1A9F0D94000193DD /* HCYoutubeParser.m */,
				41EC04E11A907040000193DD /* Info.plist */,
				41EC04E21A907040000193DD /* main.m */,
			);
			name = "Supporting Files";
			sourceTree = "<group>";
		};
		41EC04F91A907041000193DD /* movie_nightTests */ = {
			isa = PBXGroup;
			children = (
				41EC04FC1A907041000193DD /* movie_nightTests.m */,
				41EC04FA1A907041000193DD /* Supporting Files */,
			);
			path = movie_nightTests;
			sourceTree = "<group>";
		};
		41EC04FA1A907041000193DD /* Supporting Files */ = {
			isa = PBXGroup;
			children = (
				41EC04FB1A907041000193DD /* Info.plist */,
			);
			name = "Supporting Files";
			sourceTree = "<group>";
		};
		41EC05391A92EE90000193DD /* Images */ = {
			isa = PBXGroup;
			children = (
				416C803A1AB0FD0E000D4C68 /* share.png */,
				41379C671AB04A7100E93321 /* outline_star-48.png */,
				41379C651AB0495F00E93321 /* christmas_star-50.png */,
				41379C611AB0480F00E93321 /* christmas_star-48.png */,
				41379C621AB0480F00E93321 /* rating-48.png */,
				41E0C82D1AAFF88400B13336 /* chat-26.png */,
				41E0C82E1AAFF88400B13336 /* collaboration-26.png */,
				41E0C8301AAFF88400B13336 /* my_topic-26.png */,
				41E0C8311AAFF88400B13336 /* popular_topic_filled-25.png */,
				41E0C8321AAFF88400B13336 /* popular_topic-26.png */,
				41EFECEB1AAE999000067B98 /* audience-104.png */,
				41F9BD4D1AAA9940008FA16C /* playButton.png */,
				41F9BD4B1AA98AA2008FA16C /* moviereelSpinner.png */,
				41EFECED1AAEABC600067B98 /* blueButton.png */,
				41EFECEF1AAEACC800067B98 /* grayButton.png */,
				41EC059C1A9EF6A0000193DD /* previous-32.png */,
				41EC058F1A9ECF28000193DD /* settings_filled-32.png */,
				41EC05901A9ECF28000193DD /* settings-32.png */,
				41EC05D41AA464AA000193DD /* Ninja.png */,
				41EC058D1A9DBFDD000193DD /* iAd.png */,
				41EC057C1A9C2984000193DD /* search-26.png */,
				41EC057A1A9C2934000193DD /* clapperboard-26.png */,
				41EC05781A9C28A8000193DD /* home-26.png */,
				41EC05441A9452BC000193DD /* hearts-48.png */,
				41EC05451A9452BC000193DD /* like_outline-48.png */,
				41EC05461A9452BC000193DD /* star-48.png */,
				41EC05471A9452BC000193DD /* star-50.png */,
				41EC05421A945210000193DD /* play-48.png */,
				41EC05401A92F0DB000193DD /* MovieNightLogo.png */,
				41EC05AE1A9F20D1000193DD /* movie_night_logo.png */,
				41EC05371A91D796000193DD /* movieReel.png */,
				41EC052E1A91C7ED000193DD /* collaboration-50.png */,
				41EC05331A91D1C0000193DD /* collaboration-25.png */,
				41EC052F1A91C7ED000193DD /* search-50.png */,
			);
			name = Images;
			sourceTree = "<group>";
		};
		41EC054C1A946374000193DD /* Resources */ = {
			isa = PBXGroup;
			children = (
				41EC054D1A946396000193DD /* Quicksand_Dash.otf */,
				41EC054E1A946396000193DD /* Quicksand-Bold.otf */,
				41EC054F1A946396000193DD /* Quicksand-BoldItalic.otf */,
				41EC05501A946396000193DD /* Quicksand-Italic.otf */,
				41EC05511A946396000193DD /* Quicksand-Light.otf */,
				41EC05521A946396000193DD /* Quicksand-LightItalic.otf */,
				41EC05531A946396000193DD /* Quicksand-Regular.otf */,
				41EC05391A92EE90000193DD /* Images */,
			);
			name = Resources;
			sourceTree = "<group>";
		};
		E3EA5A6558F5455F8FB6F76B /* Frameworks */ = {
			isa = PBXGroup;
			children = (
				416C80421AB3C962000D4C68 /* iAd.framework */,
				41F9BD431AA68070008FA16C /* AddressBookUI.framework */,
				41F9BD411AA67FC9008FA16C /* AddressBook.framework */,
				41EC05D01AA3EEB7000193DD /* Social.framework */,
				41EC05CA1AA3DAB0000193DD /* libz.dylib */,
				84EC27BA1AA518F00082487A /* FacebookSDK.framework */,
				41EC05C81AA3DA47000193DD /* CoreLocation.framework */,
				41EC05C61AA3D961000193DD /* libsqlite3.dylib */,
				41EC05171A9075B3000193DD /* Foundation.framework */,
				41EC05151A9075A9000193DD /* libz.1.1.3.dylib */,
				41EC05131A907599000193DD /* UIKit.framework */,
				41EC05111A907593000193DD /* CoreGraphics.framework */,
				41EC050F1A907587000193DD /* MobileCoreServices.framework */,
				41EC05C41AA3D94B000193DD /* SystemConfiguration.framework */,
				41EC05C21AA3D93D000193DD /* StoreKit.framework */,
				41EC05BE1AA3D92A000193DD /* Security.framework */,
				41EC05BC1AA3D922000193DD /* QuartzCore.framework */,
				41EC05BA1AA3D915000193DD /* CFNetwork.framework */,
				41EC05B81AA3D90C000193DD /* AudioToolbox.framework */,
				41EC05B61AA3D903000193DD /* Accounts.framework */,
				41EC05B41AA3D6ED000193DD /* ParseFacebookUtils.framework */,
				41EC05B01AA3D6DA000193DD /* Bolts.framework */,
				41EC05B11AA3D6DA000193DD /* Parse.framework */,
				41EC05AC1A9F0DCE000193DD /* MediaPlayer.framework */,
				24581BE1738646F5BDF70277 /* libPods-movie_night.a */,
			);
			name = Frameworks;
			sourceTree = "<group>";
		};
/* End PBXGroup section */

/* Begin PBXNativeTarget section */
		41EC04DC1A907040000193DD /* movie_night */ = {
			isa = PBXNativeTarget;
			buildConfigurationList = 41EC05001A907041000193DD /* Build configuration list for PBXNativeTarget "movie_night" */;
			buildPhases = (
				91EBA5515D9C4E55A83ED2CB /* Check Pods Manifest.lock */,
				41EC04D91A907040000193DD /* Sources */,
				41EC04DA1A907040000193DD /* Frameworks */,
				41EC04DB1A907040000193DD /* Resources */,
				DF36960C5AD84571AC2565E8 /* Copy Pods Resources */,
			);
			buildRules = (
			);
			dependencies = (
			);
			name = movie_night;
			productName = movie_night;
			productReference = 41EC04DD1A907040000193DD /* movie_night.app */;
			productType = "com.apple.product-type.application";
		};
		41EC04F51A907041000193DD /* movie_nightTests */ = {
			isa = PBXNativeTarget;
			buildConfigurationList = 41EC05031A907041000193DD /* Build configuration list for PBXNativeTarget "movie_nightTests" */;
			buildPhases = (
				41EC04F21A907041000193DD /* Sources */,
				41EC04F31A907041000193DD /* Frameworks */,
				41EC04F41A907041000193DD /* Resources */,
			);
			buildRules = (
			);
			dependencies = (
				41EC04F81A907041000193DD /* PBXTargetDependency */,
			);
			name = movie_nightTests;
			productName = movie_nightTests;
			productReference = 41EC04F61A907041000193DD /* movie_nightTests.xctest */;
			productType = "com.apple.product-type.bundle.unit-test";
		};
/* End PBXNativeTarget section */

/* Begin PBXProject section */
		41EC04D51A90703F000193DD /* Project object */ = {
			isa = PBXProject;
			attributes = {
				LastUpgradeCheck = 0610;
				ORGANIZATIONNAME = "Ariana Antonio";
				TargetAttributes = {
					41EC04DC1A907040000193DD = {
						CreatedOnToolsVersion = 6.1.1;
						DevelopmentTeam = Z7RND3ECG4;
					};
					41EC04F51A907041000193DD = {
						CreatedOnToolsVersion = 6.1.1;
						DevelopmentTeam = Z7RND3ECG4;
						TestTargetID = 41EC04DC1A907040000193DD;
					};
				};
			};
			buildConfigurationList = 41EC04D81A90703F000193DD /* Build configuration list for PBXProject "movie_night" */;
			compatibilityVersion = "Xcode 3.2";
			developmentRegion = English;
			hasScannedForEncodings = 0;
			knownRegions = (
				en,
				Base,
			);
			mainGroup = 41EC04D41A90703F000193DD;
			productRefGroup = 41EC04DE1A907040000193DD /* Products */;
			projectDirPath = "";
			projectRoot = "";
			targets = (
				41EC04DC1A907040000193DD /* movie_night */,
				41EC04F51A907041000193DD /* movie_nightTests */,
			);
		};
/* End PBXProject section */

/* Begin PBXResourcesBuildPhase section */
		41EC04DB1A907040000193DD /* Resources */ = {
			isa = PBXResourcesBuildPhase;
			buildActionMask = 2147483647;
			files = (
				41EC058E1A9DBFDD000193DD /* iAd.png in Resources */,
				41EC05541A9463D2000193DD /* Quicksand_Dash.otf in Resources */,
				41EC05481A9452BC000193DD /* hearts-48.png in Resources */,
				41EC057B1A9C2934000193DD /* clapperboard-26.png in Resources */,
				41EFECEC1AAE999000067B98 /* audience-104.png in Resources */,
				41EC05381A91D796000193DD /* movieReel.png in Resources */,
				41EC05431A945210000193DD /* play-48.png in Resources */,
				41EC055A1A9463E8000193DD /* Quicksand-Regular.otf in Resources */,
				41379C631AB0480F00E93321 /* christmas_star-48.png in Resources */,
				41EC05341A91D1C0000193DD /* collaboration-25.png in Resources */,
				41EC05791A9C28A8000193DD /* home-26.png in Resources */,
				41EC054B1A9452BC000193DD /* star-50.png in Resources */,
				41EC05321A91C7EE000193DD /* search-50.png in Resources */,
				41EC04EC1A907040000193DD /* Main.storyboard in Resources */,
				41379C681AB04A7100E93321 /* outline_star-48.png in Resources */,
				416C803B1AB0FD0E000D4C68 /* share.png in Resources */,
				41379C641AB0480F00E93321 /* rating-48.png in Resources */,
				41E0C8381AAFF88400B13336 /* popular_topic-26.png in Resources */,
				41F9BD4E1AAA9940008FA16C /* playButton.png in Resources */,
				41379C661AB0495F00E93321 /* christmas_star-50.png in Resources */,
				41EC05551A9463D6000193DD /* Quicksand-Bold.otf in Resources */,
				41EC05911A9ECF28000193DD /* settings_filled-32.png in Resources */,
				41EC05581A9463E1000193DD /* Quicksand-Light.otf in Resources */,
				41F9BD4C1AA98AA2008FA16C /* moviereelSpinner.png in Resources */,
				41EC04EE1A907040000193DD /* Images.xcassets in Resources */,
				41EFECF01AAEACC800067B98 /* grayButton.png in Resources */,
				41E0C8361AAFF88400B13336 /* my_topic-26.png in Resources */,
				41EC05D51AA464AA000193DD /* Ninja.png in Resources */,
				41EC057D1A9C2984000193DD /* search-26.png in Resources */,
				41EC05311A91C7EE000193DD /* collaboration-50.png in Resources */,
				41EC059D1A9EF6A0000193DD /* previous-32.png in Resources */,
				41E0C8331AAFF88400B13336 /* chat-26.png in Resources */,
				41EFECEE1AAEABC600067B98 /* blueButton.png in Resources */,
				41E0C8341AAFF88400B13336 /* collaboration-26.png in Resources */,
				41EC05591A9463E4000193DD /* Quicksand-LightItalic.otf in Resources */,
				41EC05411A92F0DB000193DD /* MovieNightLogo.png in Resources */,
				41EC05561A9463DA000193DD /* Quicksand-BoldItalic.otf in Resources */,
				41EC05AF1A9F20D1000193DD /* movie_night_logo.png in Resources */,
				41EC05491A9452BC000193DD /* like_outline-48.png in Resources */,
				41EC054A1A9452BC000193DD /* star-48.png in Resources */,
				41E0C8371AAFF88400B13336 /* popular_topic_filled-25.png in Resources */,
				41EC05571A9463DD000193DD /* Quicksand-Italic.otf in Resources */,
				41EC05921A9ECF28000193DD /* settings-32.png in Resources */,
			);
			runOnlyForDeploymentPostprocessing = 0;
		};
		41EC04F41A907041000193DD /* Resources */ = {
			isa = PBXResourcesBuildPhase;
			buildActionMask = 2147483647;
			files = (
			);
			runOnlyForDeploymentPostprocessing = 0;
		};
/* End PBXResourcesBuildPhase section */

/* Begin PBXShellScriptBuildPhase section */
		91EBA5515D9C4E55A83ED2CB /* Check Pods Manifest.lock */ = {
			isa = PBXShellScriptBuildPhase;
			buildActionMask = 2147483647;
			files = (
			);
			inputPaths = (
			);
			name = "Check Pods Manifest.lock";
			outputPaths = (
			);
			runOnlyForDeploymentPostprocessing = 0;
			shellPath = /bin/sh;
			shellScript = "diff \"${PODS_ROOT}/../Podfile.lock\" \"${PODS_ROOT}/Manifest.lock\" > /dev/null\nif [[ $? != 0 ]] ; then\n    cat << EOM\nerror: The sandbox is not in sync with the Podfile.lock. Run 'pod install' or update your CocoaPods installation.\nEOM\n    exit 1\nfi\n";
			showEnvVarsInLog = 0;
		};
		DF36960C5AD84571AC2565E8 /* Copy Pods Resources */ = {
			isa = PBXShellScriptBuildPhase;
			buildActionMask = 2147483647;
			files = (
			);
			inputPaths = (
			);
			name = "Copy Pods Resources";
			outputPaths = (
			);
			runOnlyForDeploymentPostprocessing = 0;
			shellPath = /bin/sh;
			shellScript = "\"${SRCROOT}/Pods/Pods-movie_night-resources.sh\"\n";
			showEnvVarsInLog = 0;
		};
/* End PBXShellScriptBuildPhase section */

/* Begin PBXSourcesBuildPhase section */
		41EC04D91A907040000193DD /* Sources */ = {
			isa = PBXSourcesBuildPhase;
			buildActionMask = 2147483647;
			files = (
				41EC053F1A92EEC6000193DD /* FriendFeedViewController.m in Sources */,
				41EC05231A90AD21000193DD /* MovieDetailViewController.m in Sources */,
				41EC05A01A9EF9DC000193DD /* LoginViewController.m in Sources */,
				416C80411AB2EDFF000D4C68 /* TabBarController.m in Sources */,
				41EC05801A9C3F1A000193DD /* FriendReviewViewController.m in Sources */,
				41EC059B1A9EEC62000193DD /* SettingsViewController.m in Sources */,
				41EC04E91A907040000193DD /* SearchViewController.m in Sources */,
				41EC04E61A907040000193DD /* AppDelegate.m in Sources */,
				41F9BD401AA67DEA008FA16C /* AddContactsViewController.m in Sources */,
				41EC053C1A92EEB6000193DD /* ProfileViewController.m in Sources */,
				41F9BD511AAAA4A8008FA16C /* FollowersTableViewController.m in Sources */,
				41F9BD471AA825B0008FA16C /* AddFriendsFromSettingsViewController.m in Sources */,
				41EC05201A90A9E3000193DD /* MovieClass.m in Sources */,
				41F9BD4A1AA83985008FA16C /* WhereFriendsViewController.m in Sources */,
				41EC05951A9ED9B2000193DD /* WriteReviewViewController.m in Sources */,
				416C803E1AB10910000D4C68 /* Reachability.m in Sources */,
				41EC04E31A907040000193DD /* main.m in Sources */,
				41EC05A31A9EFA1B000193DD /* SignUpViewController.m in Sources */,
				41F9BD541AAAE4CC008FA16C /* FriendProfileViewController.m in Sources */,
				41379C601AAFFB4500E93321 /* NotificationsViewController.m in Sources */,
				41BEEBD71AABE0B400FA593F /* SearchUsersViewController.m in Sources */,
				41EC05AB1A9F0D94000193DD /* HCYoutubeParser.m in Sources */,
				41EC05981A9EE2C8000193DD /* SWRevealViewController.m in Sources */,
			);
			runOnlyForDeploymentPostprocessing = 0;
		};
		41EC04F21A907041000193DD /* Sources */ = {
			isa = PBXSourcesBuildPhase;
			buildActionMask = 2147483647;
			files = (
				41EC04FD1A907041000193DD /* movie_nightTests.m in Sources */,
			);
			runOnlyForDeploymentPostprocessing = 0;
		};
/* End PBXSourcesBuildPhase section */

/* Begin PBXTargetDependency section */
		41EC04F81A907041000193DD /* PBXTargetDependency */ = {
			isa = PBXTargetDependency;
			target = 41EC04DC1A907040000193DD /* movie_night */;
			targetProxy = 41EC04F71A907041000193DD /* PBXContainerItemProxy */;
		};
/* End PBXTargetDependency section */

/* Begin PBXVariantGroup section */
		41EC04EA1A907040000193DD /* Main.storyboard */ = {
			isa = PBXVariantGroup;
			children = (
				41EC04EB1A907040000193DD /* Base */,
			);
			name = Main.storyboard;
			sourceTree = "<group>";
		};
/* End PBXVariantGroup section */

/* Begin XCBuildConfiguration section */
		41EC04FE1A907041000193DD /* Debug */ = {
			isa = XCBuildConfiguration;
			buildSettings = {
				ALWAYS_SEARCH_USER_PATHS = NO;
				CLANG_CXX_LANGUAGE_STANDARD = "gnu++0x";
				CLANG_CXX_LIBRARY = "libc++";
				CLANG_ENABLE_MODULES = YES;
				CLANG_ENABLE_OBJC_ARC = YES;
				CLANG_WARN_BOOL_CONVERSION = YES;
				CLANG_WARN_CONSTANT_CONVERSION = YES;
				CLANG_WARN_DIRECT_OBJC_ISA_USAGE = YES_ERROR;
				CLANG_WARN_EMPTY_BODY = YES;
				CLANG_WARN_ENUM_CONVERSION = YES;
				CLANG_WARN_INT_CONVERSION = YES;
				CLANG_WARN_OBJC_ROOT_CLASS = YES_ERROR;
				CLANG_WARN_UNREACHABLE_CODE = YES;
				CLANG_WARN__DUPLICATE_METHOD_MATCH = YES;
				CODE_SIGN_IDENTITY = "iOS Development: Ariana Antonio (BDXNJ93QEC)";
				"CODE_SIGN_IDENTITY[sdk=iphoneos*]" = "iOS Development: Ariana Antonio (BDXNJ93QEC)";
				COPY_PHASE_STRIP = NO;
				ENABLE_STRICT_OBJC_MSGSEND = YES;
				GCC_C_LANGUAGE_STANDARD = gnu99;
				GCC_DYNAMIC_NO_PIC = NO;
				GCC_OPTIMIZATION_LEVEL = 0;
				GCC_PRECOMPILE_PREFIX_HEADER = YES;
				GCC_PREPROCESSOR_DEFINITIONS = (
					"DEBUG=1",
					"$(inherited)",
				);
				GCC_SYMBOLS_PRIVATE_EXTERN = NO;
				GCC_WARN_64_TO_32_BIT_CONVERSION = YES;
				GCC_WARN_ABOUT_RETURN_TYPE = YES_ERROR;
				GCC_WARN_UNDECLARED_SELECTOR = YES;
				GCC_WARN_UNINITIALIZED_AUTOS = YES_AGGRESSIVE;
				GCC_WARN_UNUSED_FUNCTION = YES;
				GCC_WARN_UNUSED_VARIABLE = YES;
				IBSC_ERRORS = NO;
				IBSC_NOTICES = NO;
				IBSC_WARNINGS = NO;
				IPHONEOS_DEPLOYMENT_TARGET = 8.1;
				MTL_ENABLE_DEBUG_INFO = YES;
				ONLY_ACTIVE_ARCH = YES;
				PROVISIONING_PROFILE = "a9c10d47-ed02-483f-9eb8-82f54d445c5f";
				SDKROOT = iphoneos;
				TARGETED_DEVICE_FAMILY = "1,2";
			};
			name = Debug;
		};
		41EC04FF1A907041000193DD /* Release */ = {
			isa = XCBuildConfiguration;
			buildSettings = {
				ALWAYS_SEARCH_USER_PATHS = NO;
				CLANG_CXX_LANGUAGE_STANDARD = "gnu++0x";
				CLANG_CXX_LIBRARY = "libc++";
				CLANG_ENABLE_MODULES = YES;
				CLANG_ENABLE_OBJC_ARC = YES;
				CLANG_WARN_BOOL_CONVERSION = YES;
				CLANG_WARN_CONSTANT_CONVERSION = YES;
				CLANG_WARN_DIRECT_OBJC_ISA_USAGE = YES_ERROR;
				CLANG_WARN_EMPTY_BODY = YES;
				CLANG_WARN_ENUM_CONVERSION = YES;
				CLANG_WARN_INT_CONVERSION = YES;
				CLANG_WARN_OBJC_ROOT_CLASS = YES_ERROR;
				CLANG_WARN_UNREACHABLE_CODE = YES;
				CLANG_WARN__DUPLICATE_METHOD_MATCH = YES;
				CODE_SIGN_IDENTITY = "iOS Development: Ariana Antonio (BDXNJ93QEC)";
				"CODE_SIGN_IDENTITY[sdk=iphoneos*]" = "iOS Development: Ariana Antonio (BDXNJ93QEC)";
				COPY_PHASE_STRIP = YES;
				ENABLE_NS_ASSERTIONS = NO;
				ENABLE_STRICT_OBJC_MSGSEND = YES;
				GCC_C_LANGUAGE_STANDARD = gnu99;
				GCC_PRECOMPILE_PREFIX_HEADER = YES;
				GCC_WARN_64_TO_32_BIT_CONVERSION = YES;
				GCC_WARN_ABOUT_RETURN_TYPE = YES_ERROR;
				GCC_WARN_UNDECLARED_SELECTOR = YES;
				GCC_WARN_UNINITIALIZED_AUTOS = YES_AGGRESSIVE;
				GCC_WARN_UNUSED_FUNCTION = YES;
				GCC_WARN_UNUSED_VARIABLE = YES;
				IBSC_ERRORS = NO;
				IBSC_NOTICES = NO;
				IBSC_WARNINGS = NO;
				IPHONEOS_DEPLOYMENT_TARGET = 8.1;
				MTL_ENABLE_DEBUG_INFO = NO;
				PROVISIONING_PROFILE = "a9c10d47-ed02-483f-9eb8-82f54d445c5f";
				SDKROOT = iphoneos;
				TARGETED_DEVICE_FAMILY = "1,2";
				VALIDATE_PRODUCT = YES;
			};
			name = Release;
		};
		41EC05011A907041000193DD /* Debug */ = {
			isa = XCBuildConfiguration;
			baseConfigurationReference = 86740D99C39E40C7B42C87FA /* Pods-movie_night.xcconfig */;
			buildSettings = {
				ASSETCATALOG_COMPILER_APPICON_NAME = AppIcon;
				ASSETCATALOG_COMPILER_LAUNCHIMAGE_NAME = LaunchImage;
				CODE_SIGN_IDENTITY = "iOS Development: Ariana Antonio (BDXNJ93QEC)";
				"CODE_SIGN_IDENTITY[sdk=iphoneos*]" = "iOS Development: Ariana Antonio (BDXNJ93QEC)";
				FRAMEWORK_SEARCH_PATHS = (
					"$(inherited)",
					"$(PROJECT_DIR)",
					/Users/faeryqueen21/Documents/FacebookSDK,
				);
				GCC_PRECOMPILE_PREFIX_HEADER = YES;
				IBSC_ERRORS = NO;
				INFOPLIST_FILE = movie_night/Info.plist;
				LD_RUNPATH_SEARCH_PATHS = "$(inherited) @executable_path/Frameworks";
				PRODUCT_NAME = "$(TARGET_NAME)";
				PROVISIONING_PROFILE = "a9c10d47-ed02-483f-9eb8-82f54d445c5f";
				TARGETED_DEVICE_FAMILY = "1,2";
			};
			name = Debug;
		};
		41EC05021A907041000193DD /* Release */ = {
			isa = XCBuildConfiguration;
			baseConfigurationReference = 86740D99C39E40C7B42C87FA /* Pods-movie_night.xcconfig */;
			buildSettings = {
				ASSETCATALOG_COMPILER_APPICON_NAME = AppIcon;
				ASSETCATALOG_COMPILER_LAUNCHIMAGE_NAME = LaunchImage;
				CODE_SIGN_IDENTITY = "iOS Development: Ariana Antonio (BDXNJ93QEC)";
				"CODE_SIGN_IDENTITY[sdk=iphoneos*]" = "iOS Development: Ariana Antonio (BDXNJ93QEC)";
				FRAMEWORK_SEARCH_PATHS = (
					"$(inherited)",
					"$(PROJECT_DIR)",
					/Users/faeryqueen21/Documents/FacebookSDK,
				);
				GCC_PRECOMPILE_PREFIX_HEADER = YES;
				IBSC_ERRORS = NO;
				INFOPLIST_FILE = movie_night/Info.plist;
				LD_RUNPATH_SEARCH_PATHS = "$(inherited) @executable_path/Frameworks";
				PRODUCT_NAME = "$(TARGET_NAME)";
				PROVISIONING_PROFILE = "a9c10d47-ed02-483f-9eb8-82f54d445c5f";
				TARGETED_DEVICE_FAMILY = "1,2";
			};
			name = Release;
		};
		41EC05041A907041000193DD /* Debug */ = {
			isa = XCBuildConfiguration;
			buildSettings = {
				BUNDLE_LOADER = "$(TEST_HOST)";
				CODE_SIGN_IDENTITY = "iPhone Developer";
				"CODE_SIGN_IDENTITY[sdk=iphoneos*]" = "iPhone Developer";
				FRAMEWORK_SEARCH_PATHS = (
					"$(SDKROOT)/Developer/Library/Frameworks",
					"$(inherited)",
				);
				GCC_PREPROCESSOR_DEFINITIONS = (
					"DEBUG=1",
					"$(inherited)",
				);
				INFOPLIST_FILE = movie_nightTests/Info.plist;
				LD_RUNPATH_SEARCH_PATHS = "$(inherited) @executable_path/Frameworks @loader_path/Frameworks";
				PRODUCT_NAME = "$(TARGET_NAME)";
				PROVISIONING_PROFILE = "";
				TEST_HOST = "$(BUILT_PRODUCTS_DIR)/movie_night.app/movie_night";
			};
			name = Debug;
		};
		41EC05051A907041000193DD /* Release */ = {
			isa = XCBuildConfiguration;
			buildSettings = {
				BUNDLE_LOADER = "$(TEST_HOST)";
				CODE_SIGN_IDENTITY = "iPhone Developer";
				"CODE_SIGN_IDENTITY[sdk=iphoneos*]" = "iPhone Developer";
				FRAMEWORK_SEARCH_PATHS = (
					"$(SDKROOT)/Developer/Library/Frameworks",
					"$(inherited)",
				);
				INFOPLIST_FILE = movie_nightTests/Info.plist;
				LD_RUNPATH_SEARCH_PATHS = "$(inherited) @executable_path/Frameworks @loader_path/Frameworks";
				PRODUCT_NAME = "$(TARGET_NAME)";
				PROVISIONING_PROFILE = "";
				TEST_HOST = "$(BUILT_PRODUCTS_DIR)/movie_night.app/movie_night";
			};
			name = Release;
		};
/* End XCBuildConfiguration section */

/* Begin XCConfigurationList section */
		41EC04D81A90703F000193DD /* Build configuration list for PBXProject "movie_night" */ = {
			isa = XCConfigurationList;
			buildConfigurations = (
				41EC04FE1A907041000193DD /* Debug */,
				41EC04FF1A907041000193DD /* Release */,
			);
			defaultConfigurationIsVisible = 0;
			defaultConfigurationName = Release;
		};
		41EC05001A907041000193DD /* Build configuration list for PBXNativeTarget "movie_night" */ = {
			isa = XCConfigurationList;
			buildConfigurations = (
				41EC05011A907041000193DD /* Debug */,
				41EC05021A907041000193DD /* Release */,
			);
			defaultConfigurationIsVisible = 0;
			defaultConfigurationName = Release;
		};
		41EC05031A907041000193DD /* Build configuration list for PBXNativeTarget "movie_nightTests" */ = {
			isa = XCConfigurationList;
			buildConfigurations = (
				41EC05041A907041000193DD /* Debug */,
				41EC05051A907041000193DD /* Release */,
			);
			defaultConfigurationIsVisible = 0;
			defaultConfigurationName = Release;
		};
/* End XCConfigurationList section */
	};
	rootObject = 41EC04D51A90703F000193DD /* Project object */;
}
